{
  "name": "@akarui/aoi.music",
  "version": "2.4.0",
  "lockfileVersion": 3,
  "requires": true,
  "packages": {
    "": {
      "name": "@akarui/aoi.music",
      "version": "2.4.0",
      "license": "Apache-2.0",
      "dependencies": {
        "@discordjs/voice": "^0.17.0",
        "@ffprobe-installer/ffprobe": "^2.1.2",
        "discord.js": "^14.15.2",
        "get-audio-duration": "^4.0.1",
        "hidefile": "^3.0.0",
        "prism-media": "^1.3.5",
        "soundcloud-downloader": "^1.0.0",
        "soundcloud-key-fetch": "^1.0.13",
        "spotify-uri": "^4.0.1",
        "spotify-url-info": "^3.2.14",
        "spotify-web-api-node": "^5.0.2",
        "tiny-typed-emitter": "^2.1.0",
        "tweetnacl": "^1.0.3",
        "undici": "^6.16.1",
        "youtube-scrapper": "^1.4.0",
        "youtubei.js": "^9.4.0"
      },
      "devDependencies": {
        "@discordjs/opus": "^0.9.0",
        "@types/hidefile": "^3.0.3",
        "@types/node": "^20.12.12",
        "ffmpeg-static": "^5.2.0",
        "miniget": "^4.2.3",
        "typedoc": "^0.25.13",
        "typescript": "^5.4.5"
      },
      "engines": {
        "node": ">=16.6.0"
      }
    },
    "node_modules/@babel/runtime": {
      "version": "7.24.5",
      "license": "MIT",
      "dependencies": {
        "regenerator-runtime": "^0.14.0"
      },
      "engines": {
        "node": ">=6.9.0"
      }
    },
    "node_modules/@derhuerst/http-basic": {
      "version": "8.2.4",
      "devOptional": true,
      "license": "MIT",
      "dependencies": {
        "caseless": "^0.12.0",
        "concat-stream": "^2.0.0",
        "http-response-object": "^3.0.1",
        "parse-cache-control": "^1.0.1"
      },
      "engines": {
        "node": ">=6.0.0"
      }
    },
    "node_modules/@discordjs/builders": {
      "version": "1.8.1",
      "license": "Apache-2.0",
      "dependencies": {
        "@discordjs/formatters": "^0.4.0",
        "@discordjs/util": "^1.1.0",
        "@sapphire/shapeshift": "^3.9.7",
        "discord-api-types": "0.37.83",
        "fast-deep-equal": "^3.1.3",
        "ts-mixer": "^6.0.4",
        "tslib": "^2.6.2"
      },
      "engines": {
        "node": ">=16.11.0"
      },
      "funding": {
        "url": "https://github.com/discordjs/discord.js?sponsor"
      }
    },
    "node_modules/@discordjs/collection": {
      "version": "1.5.3",
      "license": "Apache-2.0",
      "engines": {
        "node": ">=16.11.0"
      }
    },
    "node_modules/@discordjs/formatters": {
      "version": "0.4.0",
      "license": "Apache-2.0",
      "dependencies": {
        "discord-api-types": "0.37.83"
      },
      "engines": {
        "node": ">=16.11.0"
      },
      "funding": {
        "url": "https://github.com/discordjs/discord.js?sponsor"
      }
    },
    "node_modules/@discordjs/node-pre-gyp": {
      "version": "0.4.5",
      "devOptional": true,
      "license": "BSD-3-Clause",
      "dependencies": {
        "detect-libc": "^2.0.0",
        "https-proxy-agent": "^5.0.0",
        "make-dir": "^3.1.0",
        "node-fetch": "^2.6.7",
        "nopt": "^5.0.0",
        "npmlog": "^5.0.1",
        "rimraf": "^3.0.2",
        "semver": "^7.3.5",
        "tar": "^6.1.11"
      },
      "bin": {
        "node-pre-gyp": "bin/node-pre-gyp"
      }
    },
    "node_modules/@discordjs/opus": {
      "version": "0.9.0",
      "resolved": "https://registry.npmjs.org/@discordjs/opus/-/opus-0.9.0.tgz",
      "integrity": "sha512-NEE76A96FtQ5YuoAVlOlB3ryMPrkXbUCTQICHGKb8ShtjXyubGicjRMouHtP1RpuDdm16cDa+oI3aAMo1zQRUQ==",
      "devOptional": true,
      "hasInstallScript": true,
      "dependencies": {
        "@discordjs/node-pre-gyp": "^0.4.5",
        "node-addon-api": "^5.0.0"
      },
      "engines": {
        "node": ">=12.0.0"
      }
    },
    "node_modules/@discordjs/rest": {
      "version": "2.3.0",
      "license": "Apache-2.0",
      "dependencies": {
        "@discordjs/collection": "^2.1.0",
        "@discordjs/util": "^1.1.0",
        "@sapphire/async-queue": "^1.5.2",
        "@sapphire/snowflake": "^3.5.3",
        "@vladfrangu/async_event_emitter": "^2.2.4",
        "discord-api-types": "0.37.83",
        "magic-bytes.js": "^1.10.0",
        "tslib": "^2.6.2",
        "undici": "6.13.0"
      },
      "engines": {
        "node": ">=16.11.0"
      },
      "funding": {
        "url": "https://github.com/discordjs/discord.js?sponsor"
      }
    },
    "node_modules/@discordjs/rest/node_modules/@discordjs/collection": {
      "version": "2.1.0",
      "license": "Apache-2.0",
      "engines": {
        "node": ">=18"
      },
      "funding": {
        "url": "https://github.com/discordjs/discord.js?sponsor"
      }
    },
    "node_modules/@discordjs/rest/node_modules/undici": {
      "version": "6.13.0",
      "license": "MIT",
      "engines": {
        "node": ">=18.0"
      }
    },
    "node_modules/@discordjs/util": {
      "version": "1.1.0",
      "license": "Apache-2.0",
      "engines": {
        "node": ">=16.11.0"
      },
      "funding": {
        "url": "https://github.com/discordjs/discord.js?sponsor"
      }
    },
    "node_modules/@discordjs/voice": {
      "version": "0.17.0",
      "resolved": "https://registry.npmjs.org/@discordjs/voice/-/voice-0.17.0.tgz",
      "integrity": "sha512-hArn9FF5ZYi1IkxdJEVnJi+OxlwLV0NJYWpKXsmNOojtGtAZHxmsELA+MZlu2KW1F/K1/nt7lFOfcMXNYweq9w==",
      "dependencies": {
        "@types/ws": "^8.5.10",
        "discord-api-types": "0.37.83",
        "prism-media": "^1.3.5",
        "tslib": "^2.6.2",
        "ws": "^8.16.0"
      },
      "engines": {
        "node": ">=16.11.0"
      },
      "funding": {
        "url": "https://github.com/discordjs/discord.js?sponsor"
      }
    },
    "node_modules/@discordjs/ws": {
      "version": "1.1.0",
      "license": "Apache-2.0",
      "dependencies": {
        "@discordjs/collection": "^2.1.0",
        "@discordjs/rest": "^2.3.0",
        "@discordjs/util": "^1.1.0",
        "@sapphire/async-queue": "^1.5.2",
        "@types/ws": "^8.5.10",
        "@vladfrangu/async_event_emitter": "^2.2.4",
        "discord-api-types": "0.37.83",
        "tslib": "^2.6.2",
        "ws": "^8.16.0"
      },
      "engines": {
        "node": ">=16.11.0"
      },
      "funding": {
        "url": "https://github.com/discordjs/discord.js?sponsor"
      }
    },
    "node_modules/@discordjs/ws/node_modules/@discordjs/collection": {
      "version": "2.1.0",
      "license": "Apache-2.0",
      "engines": {
        "node": ">=18"
      },
      "funding": {
        "url": "https://github.com/discordjs/discord.js?sponsor"
      }
    },
    "node_modules/@fastify/busboy": {
      "version": "2.1.1",
      "resolved": "https://registry.npmjs.org/@fastify/busboy/-/busboy-2.1.1.tgz",
      "integrity": "sha512-vBZP4NlzfOlerQTnba4aqZoMhE/a9HY7HRqoOPaETQcSQuWEIyZMHGfVu6w9wGtGK5fED5qRs2DteVCjOH60sA==",
      "engines": {
        "node": ">=14"
      }
    },
    "node_modules/@ffprobe-installer/ffprobe": {
      "version": "2.1.2",
      "license": "LGPL-2.1",
      "engines": {
        "node": ">=14.21.2"
      },
      "optionalDependencies": {
        "@ffprobe-installer/darwin-arm64": "5.0.1",
        "@ffprobe-installer/darwin-x64": "5.1.0",
        "@ffprobe-installer/linux-arm": "5.2.0",
        "@ffprobe-installer/linux-arm64": "5.2.0",
        "@ffprobe-installer/linux-ia32": "5.2.0",
        "@ffprobe-installer/linux-x64": "5.2.0",
        "@ffprobe-installer/win32-ia32": "5.1.0",
        "@ffprobe-installer/win32-x64": "5.1.0"
      }
    },
    "node_modules/@ffprobe-installer/ffprobe/node_modules/@ffprobe-installer/darwin-arm64": {
      "version": "5.0.1",
      "resolved": "https://registry.npmjs.org/@ffprobe-installer/darwin-arm64/-/darwin-arm64-5.0.1.tgz",
      "integrity": "sha512-vwNCNjokH8hfkbl6m95zICHwkSzhEvDC3GVBcUp5HX8+4wsX10SP3B+bGur7XUzTIZ4cQpgJmEIAx6TUwRepMg==",
      "cpu": [
        "arm64"
      ],
      "hasInstallScript": true,
      "optional": true,
      "os": [
        "darwin"
      ]
    },
    "node_modules/@ffprobe-installer/ffprobe/node_modules/@ffprobe-installer/darwin-x64": {
      "version": "5.1.0",
      "resolved": "https://registry.npmjs.org/@ffprobe-installer/darwin-x64/-/darwin-x64-5.1.0.tgz",
      "integrity": "sha512-J+YGscZMpQclFg31O4cfVRGmDpkVsQ2fZujoUdMAAYcP0NtqpC49Hs3SWJpBdsGB4VeqOt5TTm1vSZQzs1NkhA==",
      "cpu": [
        "x64"
      ],
      "hasInstallScript": true,
      "optional": true,
      "os": [
        "darwin"
      ]
    },
    "node_modules/@ffprobe-installer/ffprobe/node_modules/@ffprobe-installer/linux-arm": {
      "version": "5.2.0",
      "resolved": "https://registry.npmjs.org/@ffprobe-installer/linux-arm/-/linux-arm-5.2.0.tgz",
      "integrity": "sha512-PF5HqEhCY7WTWHtLDYbA/+rLS+rhslWvyBlAG1Fk8VzVlnRdl93o6hy7DE2kJgxWQbFaR3ZktPQGEzfkrmQHvQ==",
      "cpu": [
        "arm"
      ],
      "hasInstallScript": true,
      "optional": true,
      "os": [
        "linux"
      ]
    },
    "node_modules/@ffprobe-installer/ffprobe/node_modules/@ffprobe-installer/linux-arm64": {
      "version": "5.2.0",
      "resolved": "https://registry.npmjs.org/@ffprobe-installer/linux-arm64/-/linux-arm64-5.2.0.tgz",
      "integrity": "sha512-X1VvWtlLs6ScP73biVLuHD5ohKJKsMTa0vafCESOen4mOoNeLAYbxOVxDWAdFz9cpZgRiloFj5QD6nDj8E28yQ==",
      "cpu": [
        "arm64"
      ],
      "hasInstallScript": true,
      "optional": true,
      "os": [
        "linux"
      ]
    },
    "node_modules/@ffprobe-installer/ffprobe/node_modules/@ffprobe-installer/linux-ia32": {
      "version": "5.2.0",
      "resolved": "https://registry.npmjs.org/@ffprobe-installer/linux-ia32/-/linux-ia32-5.2.0.tgz",
      "integrity": "sha512-TFVK5sasXyXhbIG7LtPRDmtkrkOsInwKcL43iEvEw+D9vCS2rc//mn9/0Q+BR0UoJEiMK4+ApYr/3LLVUBPOCQ==",
      "cpu": [
        "ia32"
      ],
      "hasInstallScript": true,
      "optional": true,
      "os": [
        "linux"
      ]
    },
    "node_modules/@ffprobe-installer/ffprobe/node_modules/@ffprobe-installer/linux-x64": {
      "version": "5.2.0",
      "resolved": "https://registry.npmjs.org/@ffprobe-installer/linux-x64/-/linux-x64-5.2.0.tgz",
      "integrity": "sha512-D3UeqTLYPNs7pBWPLUYGehPdRVqU8eACox4OZy3pZUZatxye2YKlvBwEfaLdL1v2Z4FOAlLUhms0kY8m8kqSRA==",
      "cpu": [
        "x64"
      ],
      "hasInstallScript": true,
      "optional": true,
      "os": [
        "linux"
      ]
    },
    "node_modules/@ffprobe-installer/ffprobe/node_modules/@ffprobe-installer/win32-ia32": {
      "version": "5.1.0",
      "resolved": "https://registry.npmjs.org/@ffprobe-installer/win32-ia32/-/win32-ia32-5.1.0.tgz",
      "integrity": "sha512-5O3vOoNRxmut0/Nu9vSazTdSHasrr+zPT2B3Hm7kjmO3QVFcIfVImS6ReQnZeSy8JPJOqXts5kX5x/3KOX54XQ==",
      "cpu": [
        "ia32"
      ],
      "optional": true,
      "os": [
        "win32"
      ]
    },
    "node_modules/@ffprobe-installer/ffprobe/node_modules/@ffprobe-installer/win32-x64": {
      "version": "5.1.0",
      "resolved": "https://registry.npmjs.org/@ffprobe-installer/win32-x64/-/win32-x64-5.1.0.tgz",
      "integrity": "sha512-jMGYeAgkrdn4e2vvYt/qakgHRE3CPju4bn5TmdPfoAm1BlX1mY9cyMd8gf5vSzI8gH8Zq5WQAyAkmekX/8TSTg==",
      "cpu": [
        "x64"
      ],
      "optional": true,
      "os": [
        "win32"
      ]
    },
    "node_modules/@sapphire/async-queue": {
      "version": "1.5.2",
      "license": "MIT",
      "engines": {
        "node": ">=v14.0.0",
        "npm": ">=7.0.0"
      }
    },
    "node_modules/@sapphire/shapeshift": {
      "version": "3.9.7",
      "license": "MIT",
      "dependencies": {
        "fast-deep-equal": "^3.1.3",
        "lodash": "^4.17.21"
      },
      "engines": {
        "node": ">=v16"
      }
    },
    "node_modules/@sapphire/shapeshift/node_modules/lodash": {
      "version": "4.17.21",
      "resolved": "https://registry.npmjs.org/lodash/-/lodash-4.17.21.tgz",
      "integrity": "sha512-v2kDEe57lecTulaDIuNTPy3Ry4gLGJ6Z1O3vE1krgXZNrsQ+LFTGHVxVjcXPs17LhbZVGedAJv8XZ1tvj5FvSg=="
    },
    "node_modules/@sapphire/snowflake": {
      "version": "3.5.3",
      "license": "MIT",
      "engines": {
        "node": ">=v14.0.0",
        "npm": ">=7.0.0"
      }
    },
    "node_modules/@types/hidefile": {
      "version": "3.0.3",
      "dev": true,
      "license": "MIT",
      "dependencies": {
        "@types/node": "*"
      }
    },
    "node_modules/@types/node": {
      "version": "20.12.12",
      "resolved": "https://registry.npmjs.org/@types/node/-/node-20.12.12.tgz",
      "integrity": "sha512-eWLDGF/FOSPtAvEqeRAQ4C8LSA7M1I7i0ky1I8U7kD1J5ITyW3AsRhQrKVoWf5pFKZ2kILsEGJhsI9r93PYnOw==",
      "dependencies": {
        "undici-types": "~5.26.4"
      }
    },
    "node_modules/@types/ws": {
      "version": "8.5.10",
      "license": "MIT",
      "dependencies": {
        "@types/node": "*"
      }
    },
    "node_modules/@vladfrangu/async_event_emitter": {
      "version": "2.2.4",
      "license": "MIT",
      "engines": {
        "node": ">=v14.0.0",
        "npm": ">=7.0.0"
      }
    },
    "node_modules/abbrev": {
      "version": "1.1.1",
      "devOptional": true,
      "license": "ISC"
    },
    "node_modules/acorn": {
      "version": "8.11.3",
      "license": "MIT",
      "bin": {
        "acorn": "bin/acorn"
      },
      "engines": {
        "node": ">=0.4.0"
      }
    },
    "node_modules/agent-base": {
      "version": "6.0.2",
      "devOptional": true,
      "license": "MIT",
      "dependencies": {
        "debug": "4"
      },
      "engines": {
        "node": ">= 6.0.0"
      }
    },
    "node_modules/ansi-regex": {
      "version": "5.0.1",
      "devOptional": true,
      "license": "MIT",
      "engines": {
        "node": ">=8"
      }
    },
    "node_modules/ansi-sequence-parser": {
      "version": "1.1.1",
      "dev": true,
      "license": "MIT"
    },
    "node_modules/aproba": {
      "version": "2.0.0",
      "devOptional": true,
      "license": "ISC"
    },
    "node_modules/are-we-there-yet": {
      "version": "2.0.0",
      "devOptional": true,
      "license": "ISC",
      "dependencies": {
        "delegates": "^1.0.0",
        "readable-stream": "^3.6.0"
      },
      "engines": {
        "node": ">=10"
      }
    },
    "node_modules/asynckit": {
      "version": "0.4.0",
      "license": "MIT"
    },
    "node_modules/axios": {
      "version": "0.21.4",
      "license": "MIT",
      "dependencies": {
        "follow-redirects": "^1.14.0"
      }
    },
    "node_modules/balanced-match": {
      "version": "1.0.2",
      "devOptional": true,
      "license": "MIT"
    },
    "node_modules/brace-expansion": {
      "version": "1.1.11",
      "devOptional": true,
      "license": "MIT",
      "dependencies": {
        "balanced-match": "^1.0.0",
        "concat-map": "0.0.1"
      }
    },
    "node_modules/buffer-from": {
      "version": "1.1.2",
      "devOptional": true,
      "license": "MIT"
    },
    "node_modules/call-bind": {
      "version": "1.0.7",
      "license": "MIT",
      "dependencies": {
        "es-define-property": "^1.0.0",
        "es-errors": "^1.3.0",
        "function-bind": "^1.1.2",
        "get-intrinsic": "^1.2.4",
        "set-function-length": "^1.2.1"
      },
      "engines": {
        "node": ">= 0.4"
      },
      "funding": {
        "url": "https://github.com/sponsors/ljharb"
      }
    },
    "node_modules/caseless": {
      "version": "0.12.0",
      "devOptional": true,
      "license": "Apache-2.0"
    },
    "node_modules/chownr": {
      "version": "2.0.0",
      "devOptional": true,
      "license": "ISC",
      "engines": {
        "node": ">=10"
      }
    },
    "node_modules/color-support": {
      "version": "1.1.3",
      "devOptional": true,
      "license": "ISC",
      "bin": {
        "color-support": "bin.js"
      }
    },
    "node_modules/combined-stream": {
      "version": "1.0.8",
      "license": "MIT",
      "dependencies": {
        "delayed-stream": "~1.0.0"
      },
      "engines": {
        "node": ">= 0.8"
      }
    },
    "node_modules/component-emitter": {
      "version": "1.3.1",
      "license": "MIT",
      "funding": {
        "url": "https://github.com/sponsors/sindresorhus"
      }
    },
    "node_modules/concat-map": {
      "version": "0.0.1",
      "devOptional": true,
      "license": "MIT"
    },
    "node_modules/concat-stream": {
      "version": "2.0.0",
      "devOptional": true,
      "engines": [
        "node >= 6.0"
      ],
      "license": "MIT",
      "dependencies": {
        "buffer-from": "^1.0.0",
        "inherits": "^2.0.3",
        "readable-stream": "^3.0.2",
        "typedarray": "^0.0.6"
      }
    },
    "node_modules/console-control-strings": {
      "version": "1.1.0",
      "devOptional": true,
      "license": "ISC"
    },
    "node_modules/cookiejar": {
      "version": "2.1.4",
      "license": "MIT"
    },
    "node_modules/cross-spawn": {
      "version": "7.0.3",
      "license": "MIT",
      "dependencies": {
        "path-key": "^3.1.0",
        "shebang-command": "^2.0.0",
        "which": "^2.0.1"
      },
      "engines": {
        "node": ">= 8"
      }
    },
    "node_modules/debug": {
      "version": "4.3.4",
      "license": "MIT",
      "dependencies": {
        "ms": "2.1.2"
      },
      "engines": {
        "node": ">=6.0"
      },
      "peerDependenciesMeta": {
        "supports-color": {
          "optional": true
        }
      }
    },
    "node_modules/define-data-property": {
      "version": "1.1.4",
      "license": "MIT",
      "dependencies": {
        "es-define-property": "^1.0.0",
        "es-errors": "^1.3.0",
        "gopd": "^1.0.1"
      },
      "engines": {
        "node": ">= 0.4"
      },
      "funding": {
        "url": "https://github.com/sponsors/ljharb"
      }
    },
    "node_modules/delayed-stream": {
      "version": "1.0.0",
      "license": "MIT",
      "engines": {
        "node": ">=0.4.0"
      }
    },
    "node_modules/delegates": {
      "version": "1.0.0",
      "devOptional": true,
      "license": "MIT"
    },
    "node_modules/detect-libc": {
      "version": "2.0.3",
      "devOptional": true,
      "license": "Apache-2.0",
      "engines": {
        "node": ">=8"
      }
    },
    "node_modules/discord-api-types": {
      "version": "0.37.83",
      "resolved": "https://registry.npmjs.org/discord-api-types/-/discord-api-types-0.37.83.tgz",
      "integrity": "sha512-urGGYeWtWNYMKnYlZnOnDHm8fVRffQs3U0SpE8RHeiuLKb/u92APS8HoQnPTFbnXmY1vVnXjXO4dOxcAn3J+DA=="
    },
    "node_modules/discord.js": {
      "version": "14.15.2",
      "resolved": "https://registry.npmjs.org/discord.js/-/discord.js-14.15.2.tgz",
      "integrity": "sha512-wGD37YCaTUNprtpqMIRuNiswwsvSWXrHykBSm2SAosoTYut0VUDj9yo9t4iLtMKvuhI49zYkvKc2TNdzdvpJhg==",
      "dependencies": {
        "@discordjs/builders": "^1.8.1",
        "@discordjs/collection": "1.5.3",
        "@discordjs/formatters": "^0.4.0",
        "@discordjs/rest": "^2.3.0",
        "@discordjs/util": "^1.1.0",
        "@discordjs/ws": "^1.1.0",
        "@sapphire/snowflake": "3.5.3",
        "discord-api-types": "0.37.83",
        "fast-deep-equal": "3.1.3",
        "lodash.snakecase": "4.1.1",
        "tslib": "2.6.2",
        "undici": "6.13.0"
      },
      "engines": {
        "node": ">=16.11.0"
      },
      "funding": {
        "url": "https://github.com/discordjs/discord.js?sponsor"
      }
    },
    "node_modules/discord.js/node_modules/undici": {
      "version": "6.13.0",
      "license": "MIT",
      "engines": {
        "node": ">=18.0"
      }
    },
    "node_modules/dotenv": {
      "version": "8.6.0",
      "license": "BSD-2-Clause",
      "engines": {
        "node": ">=10"
      }
    },
    "node_modules/emoji-regex": {
      "version": "8.0.0",
      "devOptional": true,
      "license": "MIT"
    },
    "node_modules/env-paths": {
      "version": "2.2.1",
      "devOptional": true,
      "license": "MIT",
      "engines": {
        "node": ">=6"
      }
    },
    "node_modules/es-define-property": {
      "version": "1.0.0",
      "license": "MIT",
      "dependencies": {
        "get-intrinsic": "^1.2.4"
      },
      "engines": {
        "node": ">= 0.4"
      }
    },
    "node_modules/es-errors": {
      "version": "1.3.0",
      "license": "MIT",
      "engines": {
        "node": ">= 0.4"
      }
    },
    "node_modules/execa": {
      "version": "5.1.1",
      "license": "MIT",
      "dependencies": {
        "cross-spawn": "^7.0.3",
        "get-stream": "^6.0.0",
        "human-signals": "^2.1.0",
        "is-stream": "^2.0.0",
        "merge-stream": "^2.0.0",
        "npm-run-path": "^4.0.1",
        "onetime": "^5.1.2",
        "signal-exit": "^3.0.3",
        "strip-final-newline": "^2.0.0"
      },
      "engines": {
        "node": ">=10"
      },
      "funding": {
        "url": "https://github.com/sindresorhus/execa?sponsor=1"
      }
    },
    "node_modules/fast-deep-equal": {
      "version": "3.1.3",
      "license": "MIT"
    },
    "node_modules/fast-safe-stringify": {
      "version": "2.1.1",
      "license": "MIT"
    },
    "node_modules/fast-xml-parser": {
      "version": "3.21.1",
      "license": "MIT",
      "dependencies": {
        "strnum": "^1.0.4"
      },
      "bin": {
        "xml2js": "cli.js"
      },
      "funding": {
        "type": "paypal",
        "url": "https://paypal.me/naturalintelligence"
      }
    },
    "node_modules/ffmpeg-static": {
      "version": "5.2.0",
      "devOptional": true,
      "hasInstallScript": true,
      "license": "GPL-3.0-or-later",
      "dependencies": {
        "@derhuerst/http-basic": "^8.2.0",
        "env-paths": "^2.2.0",
        "https-proxy-agent": "^5.0.0",
        "progress": "^2.0.3"
      },
      "engines": {
        "node": ">=16"
      }
    },
    "node_modules/follow-redirects": {
      "version": "1.15.6",
      "funding": [
        {
          "type": "individual",
          "url": "https://github.com/sponsors/RubenVerborgh"
        }
      ],
      "license": "MIT",
      "engines": {
        "node": ">=4.0"
      },
      "peerDependenciesMeta": {
        "debug": {
          "optional": true
        }
      }
    },
    "node_modules/form-data": {
      "version": "3.0.1",
      "license": "MIT",
      "dependencies": {
        "asynckit": "^0.4.0",
        "combined-stream": "^1.0.8",
        "mime-types": "^2.1.12"
      },
      "engines": {
        "node": ">= 6"
      }
    },
    "node_modules/formidable": {
      "version": "1.2.6",
      "license": "MIT",
      "funding": {
        "url": "https://ko-fi.com/tunnckoCore/commissions"
      }
    },
    "node_modules/fs-minipass": {
      "version": "2.1.0",
      "devOptional": true,
      "license": "ISC",
      "dependencies": {
        "minipass": "^3.0.0"
      },
      "engines": {
        "node": ">= 8"
      }
    },
    "node_modules/fs-minipass/node_modules/minipass": {
      "version": "3.3.6",
      "devOptional": true,
      "license": "ISC",
      "dependencies": {
        "yallist": "^4.0.0"
      },
      "engines": {
        "node": ">=8"
      }
    },
    "node_modules/fs.realpath": {
      "version": "1.0.0",
      "devOptional": true,
      "license": "ISC"
    },
    "node_modules/fswin": {
      "version": "3.23.311",
      "license": "BSD",
      "engines": {
        "node": ">= 8.0"
      }
    },
    "node_modules/function-bind": {
      "version": "1.1.2",
      "license": "MIT",
      "funding": {
        "url": "https://github.com/sponsors/ljharb"
      }
    },
    "node_modules/gauge": {
      "version": "3.0.2",
      "devOptional": true,
      "license": "ISC",
      "dependencies": {
        "aproba": "^1.0.3 || ^2.0.0",
        "color-support": "^1.1.2",
        "console-control-strings": "^1.0.0",
        "has-unicode": "^2.0.1",
        "object-assign": "^4.1.1",
        "signal-exit": "^3.0.0",
        "string-width": "^4.2.3",
        "strip-ansi": "^6.0.1",
        "wide-align": "^1.1.2"
      },
      "engines": {
        "node": ">=10"
      }
    },
    "node_modules/get-audio-duration": {
      "version": "4.0.1",
      "resolved": "https://registry.npmjs.org/get-audio-duration/-/get-audio-duration-4.0.1.tgz",
      "integrity": "sha512-sx1ZRXVRN+PZlnVq2ub4wnDfPtkL4kJFeI4/I7Su0UR1ckhCca3cDOvik2v2AjIY8oyHUnKaTOoTk3o1JYEaDw==",
      "dependencies": {
        "@ffprobe-installer/ffprobe": "^2.1.1",
        "execa": "^5.0.0"
      }
    },
    "node_modules/get-intrinsic": {
      "version": "1.2.4",
      "license": "MIT",
      "dependencies": {
        "es-errors": "^1.3.0",
        "function-bind": "^1.1.2",
        "has-proto": "^1.0.1",
        "has-symbols": "^1.0.3",
        "hasown": "^2.0.0"
      },
      "engines": {
        "node": ">= 0.4"
      },
      "funding": {
        "url": "https://github.com/sponsors/ljharb"
      }
    },
    "node_modules/get-stream": {
      "version": "6.0.1",
      "license": "MIT",
      "engines": {
        "node": ">=10"
      },
      "funding": {
        "url": "https://github.com/sponsors/sindresorhus"
      }
    },
    "node_modules/glob": {
      "version": "7.2.3",
      "devOptional": true,
      "license": "ISC",
      "dependencies": {
        "fs.realpath": "^1.0.0",
        "inflight": "^1.0.4",
        "inherits": "2",
        "minimatch": "^3.1.1",
        "once": "^1.3.0",
        "path-is-absolute": "^1.0.0"
      },
      "engines": {
        "node": "*"
      },
      "funding": {
        "url": "https://github.com/sponsors/isaacs"
      }
    },
    "node_modules/gopd": {
      "version": "1.0.1",
      "license": "MIT",
      "dependencies": {
        "get-intrinsic": "^1.1.3"
      },
      "funding": {
        "url": "https://github.com/sponsors/ljharb"
      }
    },
    "node_modules/has-property-descriptors": {
      "version": "1.0.2",
      "license": "MIT",
      "dependencies": {
        "es-define-property": "^1.0.0"
      },
      "funding": {
        "url": "https://github.com/sponsors/ljharb"
      }
    },
    "node_modules/has-proto": {
      "version": "1.0.3",
      "license": "MIT",
      "engines": {
        "node": ">= 0.4"
      },
      "funding": {
        "url": "https://github.com/sponsors/ljharb"
      }
    },
    "node_modules/has-symbols": {
      "version": "1.0.3",
      "license": "MIT",
      "engines": {
        "node": ">= 0.4"
      },
      "funding": {
        "url": "https://github.com/sponsors/ljharb"
      }
    },
    "node_modules/has-unicode": {
      "version": "2.0.1",
      "devOptional": true,
      "license": "ISC"
    },
    "node_modules/hasown": {
      "version": "2.0.2",
      "license": "MIT",
      "dependencies": {
        "function-bind": "^1.1.2"
      },
      "engines": {
        "node": ">= 0.4"
      }
    },
    "node_modules/hidefile": {
      "version": "3.0.0",
      "license": "MIT",
      "dependencies": {
        "winattr": "^3.0.0"
      },
      "engines": {
        "node": ">= 8"
      }
    },
    "node_modules/himalaya": {
      "version": "1.1.0",
      "license": "ISC"
    },
    "node_modules/http-response-object": {
      "version": "3.0.2",
      "devOptional": true,
      "license": "MIT",
      "dependencies": {
        "@types/node": "^10.0.3"
      }
    },
    "node_modules/http-response-object/node_modules/@types/node": {
      "version": "10.17.60",
      "devOptional": true,
      "license": "MIT"
    },
    "node_modules/https-proxy-agent": {
      "version": "5.0.1",
      "devOptional": true,
      "license": "MIT",
      "dependencies": {
        "agent-base": "6",
        "debug": "4"
      },
      "engines": {
        "node": ">= 6"
      }
    },
    "node_modules/human-signals": {
      "version": "2.1.0",
      "license": "Apache-2.0",
      "engines": {
        "node": ">=10.17.0"
      }
    },
    "node_modules/inflight": {
      "version": "1.0.6",
      "devOptional": true,
      "license": "ISC",
      "dependencies": {
        "once": "^1.3.0",
        "wrappy": "1"
      }
    },
    "node_modules/inherits": {
      "version": "2.0.4",
      "license": "ISC"
    },
    "node_modules/is-fullwidth-code-point": {
      "version": "3.0.0",
      "devOptional": true,
      "license": "MIT",
      "engines": {
        "node": ">=8"
      }
    },
    "node_modules/is-stream": {
      "version": "2.0.1",
      "license": "MIT",
      "engines": {
        "node": ">=8"
      },
      "funding": {
        "url": "https://github.com/sponsors/sindresorhus"
      }
    },
    "node_modules/isexe": {
      "version": "2.0.0",
      "license": "ISC"
    },
    "node_modules/jintr": {
      "version": "1.1.0",
      "funding": [
        "https://github.com/sponsors/LuanRT"
      ],
      "license": "MIT",
      "dependencies": {
        "acorn": "^8.8.0"
      }
    },
    "node_modules/jsonc-parser": {
      "version": "3.2.1",
      "dev": true,
      "license": "MIT"
    },
    "node_modules/lodash.snakecase": {
      "version": "4.1.1",
      "license": "MIT"
    },
    "node_modules/lunr": {
      "version": "2.3.9",
      "dev": true,
      "license": "MIT"
    },
    "node_modules/m3u8stream": {
      "version": "0.8.6",
      "license": "MIT",
      "dependencies": {
        "miniget": "^4.2.2",
        "sax": "^1.2.4"
      },
      "engines": {
        "node": ">=12"
      }
    },
    "node_modules/magic-bytes.js": {
      "version": "1.10.0",
      "license": "MIT"
    },
    "node_modules/make-dir": {
      "version": "3.1.0",
      "devOptional": true,
      "license": "MIT",
      "dependencies": {
        "semver": "^6.0.0"
      },
      "engines": {
        "node": ">=8"
      },
      "funding": {
        "url": "https://github.com/sponsors/sindresorhus"
      }
    },
    "node_modules/make-dir/node_modules/semver": {
      "version": "6.3.1",
      "devOptional": true,
      "license": "ISC",
      "bin": {
        "semver": "bin/semver.js"
      }
    },
    "node_modules/marked": {
      "version": "4.3.0",
      "dev": true,
      "license": "MIT",
      "bin": {
        "marked": "bin/marked.js"
      },
      "engines": {
        "node": ">= 12"
      }
    },
    "node_modules/merge-stream": {
      "version": "2.0.0",
      "license": "MIT"
    },
    "node_modules/methods": {
      "version": "1.1.2",
      "license": "MIT",
      "engines": {
        "node": ">= 0.6"
      }
    },
    "node_modules/mime": {
      "version": "2.6.0",
      "license": "MIT",
      "bin": {
        "mime": "cli.js"
      },
      "engines": {
        "node": ">=4.0.0"
      }
    },
    "node_modules/mime-db": {
      "version": "1.52.0",
      "license": "MIT",
      "engines": {
        "node": ">= 0.6"
      }
    },
    "node_modules/mime-types": {
      "version": "2.1.35",
      "license": "MIT",
      "dependencies": {
        "mime-db": "1.52.0"
      },
      "engines": {
        "node": ">= 0.6"
      }
    },
    "node_modules/mimic-fn": {
      "version": "2.1.0",
      "license": "MIT",
      "engines": {
        "node": ">=6"
      }
    },
    "node_modules/miniget": {
      "version": "4.2.3",
      "license": "MIT",
      "engines": {
        "node": ">=12"
      }
    },
    "node_modules/minimatch": {
      "version": "3.1.2",
      "devOptional": true,
      "license": "ISC",
      "dependencies": {
        "brace-expansion": "^1.1.7"
      },
      "engines": {
        "node": "*"
      }
    },
    "node_modules/minipass": {
      "version": "5.0.0",
      "devOptional": true,
      "license": "ISC",
      "engines": {
        "node": ">=8"
      }
    },
    "node_modules/minizlib": {
      "version": "2.1.2",
      "devOptional": true,
      "license": "MIT",
      "dependencies": {
        "minipass": "^3.0.0",
        "yallist": "^4.0.0"
      },
      "engines": {
        "node": ">= 8"
      }
    },
    "node_modules/minizlib/node_modules/minipass": {
      "version": "3.3.6",
      "devOptional": true,
      "license": "ISC",
      "dependencies": {
        "yallist": "^4.0.0"
      },
      "engines": {
        "node": ">=8"
      }
    },
    "node_modules/mkdirp": {
      "version": "1.0.4",
      "devOptional": true,
      "license": "MIT",
      "bin": {
        "mkdirp": "bin/cmd.js"
      },
      "engines": {
        "node": ">=10"
      }
    },
    "node_modules/ms": {
      "version": "2.1.2",
      "license": "MIT"
    },
    "node_modules/node-addon-api": {
      "version": "5.1.0",
      "devOptional": true,
      "license": "MIT"
    },
    "node_modules/node-fetch": {
      "version": "2.7.0",
      "devOptional": true,
      "license": "MIT",
      "dependencies": {
        "whatwg-url": "^5.0.0"
      },
      "engines": {
        "node": "4.x || >=6.0.0"
      },
      "peerDependencies": {
        "encoding": "^0.1.0"
      },
      "peerDependenciesMeta": {
        "encoding": {
          "optional": true
        }
      }
    },
    "node_modules/nopt": {
      "version": "5.0.0",
      "devOptional": true,
      "license": "ISC",
      "dependencies": {
        "abbrev": "1"
      },
      "bin": {
        "nopt": "bin/nopt.js"
      },
      "engines": {
        "node": ">=6"
      }
    },
    "node_modules/npm-run-path": {
      "version": "4.0.1",
      "license": "MIT",
      "dependencies": {
        "path-key": "^3.0.0"
      },
      "engines": {
        "node": ">=8"
      }
    },
    "node_modules/npmlog": {
      "version": "5.0.1",
      "devOptional": true,
      "license": "ISC",
      "dependencies": {
        "are-we-there-yet": "^2.0.0",
        "console-control-strings": "^1.1.0",
        "gauge": "^3.0.0",
        "set-blocking": "^2.0.0"
      }
    },
    "node_modules/object-assign": {
      "version": "4.1.1",
      "devOptional": true,
      "license": "MIT",
      "engines": {
        "node": ">=0.10.0"
      }
    },
    "node_modules/object-inspect": {
      "version": "1.13.1",
      "license": "MIT",
      "funding": {
        "url": "https://github.com/sponsors/ljharb"
      }
    },
    "node_modules/once": {
      "version": "1.4.0",
      "devOptional": true,
      "license": "ISC",
      "dependencies": {
        "wrappy": "1"
      }
    },
    "node_modules/onetime": {
      "version": "5.1.2",
      "license": "MIT",
      "dependencies": {
        "mimic-fn": "^2.1.0"
      },
      "engines": {
        "node": ">=6"
      },
      "funding": {
        "url": "https://github.com/sponsors/sindresorhus"
      }
    },
    "node_modules/opusscript": {
      "version": "0.0.8",
      "resolved": "https://registry.npmjs.org/opusscript/-/opusscript-0.0.8.tgz",
      "integrity": "sha512-VSTi1aWFuCkRCVq+tx/BQ5q9fMnQ9pVZ3JU4UHKqTkf0ED3fKEPdr+gKAAl3IA2hj9rrP6iyq3hlcJq3HELtNQ==",
      "optional": true,
      "peer": true
    },
    "node_modules/parse-cache-control": {
      "version": "1.0.1",
      "devOptional": true
    },
    "node_modules/path-is-absolute": {
      "version": "1.0.1",
      "devOptional": true,
      "license": "MIT",
      "engines": {
        "node": ">=0.10.0"
      }
    },
    "node_modules/path-key": {
      "version": "3.1.1",
      "license": "MIT",
      "engines": {
        "node": ">=8"
      }
    },
    "node_modules/prism-media": {
      "version": "1.3.5",
      "license": "Apache-2.0",
      "peerDependencies": {
        "@discordjs/opus": ">=0.8.0 <1.0.0",
        "ffmpeg-static": "^5.0.2 || ^4.2.7 || ^3.0.0 || ^2.4.0",
        "node-opus": "^0.3.3",
        "opusscript": "^0.0.8"
      },
      "peerDependenciesMeta": {
        "@discordjs/opus": {
          "optional": true
        },
        "ffmpeg-static": {
          "optional": true
        },
        "node-opus": {
          "optional": true
        },
        "opusscript": {
          "optional": true
        }
      }
    },
    "node_modules/progress": {
      "version": "2.0.3",
      "devOptional": true,
      "license": "MIT",
      "engines": {
        "node": ">=0.4.0"
      }
    },
    "node_modules/qs": {
      "version": "6.12.1",
      "license": "BSD-3-Clause",
      "dependencies": {
        "side-channel": "^1.0.6"
      },
      "engines": {
        "node": ">=0.6"
      },
      "funding": {
        "url": "https://github.com/sponsors/ljharb"
      }
    },
    "node_modules/readable-stream": {
      "version": "3.6.2",
      "license": "MIT",
      "dependencies": {
        "inherits": "^2.0.3",
        "string_decoder": "^1.1.1",
        "util-deprecate": "^1.0.1"
      },
      "engines": {
        "node": ">= 6"
      }
    },
    "node_modules/regenerator-runtime": {
      "version": "0.14.1",
      "license": "MIT"
    },
    "node_modules/rimraf": {
      "version": "3.0.2",
      "devOptional": true,
      "license": "ISC",
      "dependencies": {
        "glob": "^7.1.3"
      },
      "bin": {
        "rimraf": "bin.js"
      },
      "funding": {
        "url": "https://github.com/sponsors/isaacs"
      }
    },
    "node_modules/safe-buffer": {
      "version": "5.2.1",
      "funding": [
        {
          "type": "github",
          "url": "https://github.com/sponsors/feross"
        },
        {
          "type": "patreon",
          "url": "https://www.patreon.com/feross"
        },
        {
          "type": "consulting",
          "url": "https://feross.org/support"
        }
      ],
      "license": "MIT"
    },
    "node_modules/sax": {
      "version": "1.3.0",
      "license": "ISC"
    },
    "node_modules/semver": {
      "version": "7.6.2",
      "license": "ISC",
      "bin": {
        "semver": "bin/semver.js"
      },
      "engines": {
        "node": ">=10"
      }
    },
    "node_modules/set-blocking": {
      "version": "2.0.0",
      "devOptional": true,
      "license": "ISC"
    },
    "node_modules/set-function-length": {
      "version": "1.2.2",
      "license": "MIT",
      "dependencies": {
        "define-data-property": "^1.1.4",
        "es-errors": "^1.3.0",
        "function-bind": "^1.1.2",
        "get-intrinsic": "^1.2.4",
        "gopd": "^1.0.1",
        "has-property-descriptors": "^1.0.2"
      },
      "engines": {
        "node": ">= 0.4"
      }
    },
    "node_modules/shebang-command": {
      "version": "2.0.0",
      "license": "MIT",
      "dependencies": {
        "shebang-regex": "^3.0.0"
      },
      "engines": {
        "node": ">=8"
      }
    },
    "node_modules/shebang-regex": {
      "version": "3.0.0",
      "license": "MIT",
      "engines": {
        "node": ">=8"
      }
    },
    "node_modules/shiki": {
      "version": "0.14.7",
      "dev": true,
      "license": "MIT",
      "dependencies": {
        "ansi-sequence-parser": "^1.1.0",
        "jsonc-parser": "^3.2.0",
        "vscode-oniguruma": "^1.7.0",
        "vscode-textmate": "^8.0.0"
      }
    },
    "node_modules/side-channel": {
      "version": "1.0.6",
      "license": "MIT",
      "dependencies": {
        "call-bind": "^1.0.7",
        "es-errors": "^1.3.0",
        "get-intrinsic": "^1.2.4",
        "object-inspect": "^1.13.1"
      },
      "engines": {
        "node": ">= 0.4"
      },
      "funding": {
        "url": "https://github.com/sponsors/ljharb"
      }
    },
    "node_modules/signal-exit": {
      "version": "3.0.7",
      "license": "ISC"
    },
    "node_modules/soundcloud-downloader": {
      "version": "1.0.0",
      "license": "MIT",
      "dependencies": {
        "@babel/runtime": "^7.10.3",
        "axios": "^0.21.0",
        "dotenv": "^8.2.0",
        "m3u8stream": "^0.8.0",
        "soundcloud-key-fetch": "^1.0.10"
      }
    },
    "node_modules/soundcloud-key-fetch": {
      "version": "1.0.13",
      "license": "ISC"
    },
    "node_modules/spotify-uri": {
      "version": "4.0.1",
      "license": "MIT",
      "engines": {
        "node": ">= 16"
      }
    },
    "node_modules/spotify-url-info": {
      "version": "3.2.14",
      "license": "MIT",
      "dependencies": {
        "himalaya": "~1.1.0",
        "spotify-uri": "~4.0.0"
      },
      "engines": {
        "node": ">= 12"
      }
    },
    "node_modules/spotify-web-api-node": {
      "version": "5.0.2",
      "license": "MIT",
      "dependencies": {
        "superagent": "^6.1.0"
      }
    },
    "node_modules/string_decoder": {
      "version": "1.3.0",
      "license": "MIT",
      "dependencies": {
        "safe-buffer": "~5.2.0"
      }
    },
    "node_modules/string-width": {
      "version": "4.2.3",
      "devOptional": true,
      "license": "MIT",
      "dependencies": {
        "emoji-regex": "^8.0.0",
        "is-fullwidth-code-point": "^3.0.0",
        "strip-ansi": "^6.0.1"
      },
      "engines": {
        "node": ">=8"
      }
    },
    "node_modules/strip-ansi": {
      "version": "6.0.1",
      "devOptional": true,
      "license": "MIT",
      "dependencies": {
        "ansi-regex": "^5.0.1"
      },
      "engines": {
        "node": ">=8"
      }
    },
    "node_modules/strip-final-newline": {
      "version": "2.0.0",
      "license": "MIT",
      "engines": {
        "node": ">=6"
      }
    },
    "node_modules/strnum": {
      "version": "1.0.5",
      "license": "MIT"
    },
    "node_modules/superagent": {
      "version": "6.1.0",
      "license": "MIT",
      "dependencies": {
        "component-emitter": "^1.3.0",
        "cookiejar": "^2.1.2",
        "debug": "^4.1.1",
        "fast-safe-stringify": "^2.0.7",
        "form-data": "^3.0.0",
        "formidable": "^1.2.2",
        "methods": "^1.1.2",
        "mime": "^2.4.6",
        "qs": "^6.9.4",
        "readable-stream": "^3.6.0",
        "semver": "^7.3.2"
      },
      "engines": {
        "node": ">= 7.0.0"
      }
    },
    "node_modules/tar": {
      "version": "6.2.1",
      "devOptional": true,
      "license": "ISC",
      "dependencies": {
        "chownr": "^2.0.0",
        "fs-minipass": "^2.0.0",
        "minipass": "^5.0.0",
        "minizlib": "^2.1.1",
        "mkdirp": "^1.0.3",
        "yallist": "^4.0.0"
      },
      "engines": {
        "node": ">=10"
      }
    },
    "node_modules/tiny-typed-emitter": {
      "version": "2.1.0",
      "license": "MIT"
    },
    "node_modules/tr46": {
      "version": "0.0.3",
      "devOptional": true,
      "license": "MIT"
    },
    "node_modules/ts-mixer": {
      "version": "6.0.4",
      "license": "MIT"
    },
    "node_modules/tslib": {
      "version": "2.6.2",
      "license": "0BSD"
    },
    "node_modules/tweetnacl": {
      "version": "1.0.3",
      "license": "Unlicense"
    },
    "node_modules/typedarray": {
      "version": "0.0.6",
      "devOptional": true,
      "license": "MIT"
    },
    "node_modules/typedoc": {
      "version": "0.25.13",
      "resolved": "https://registry.npmjs.org/typedoc/-/typedoc-0.25.13.tgz",
      "integrity": "sha512-pQqiwiJ+Z4pigfOnnysObszLiU3mVLWAExSPf+Mu06G/qsc3wzbuM56SZQvONhHLncLUhYzOVkjFFpFfL5AzhQ==",
      "dev": true,
      "dependencies": {
        "lunr": "^2.3.9",
        "marked": "^4.3.0",
        "minimatch": "^9.0.3",
        "shiki": "^0.14.7"
      },
      "bin": {
        "typedoc": "bin/typedoc"
      },
      "engines": {
        "node": ">= 16"
      },
      "peerDependencies": {
        "typescript": "4.6.x || 4.7.x || 4.8.x || 4.9.x || 5.0.x || 5.1.x || 5.2.x || 5.3.x || 5.4.x"
      }
    },
    "node_modules/typedoc/node_modules/brace-expansion": {
      "version": "2.0.1",
      "resolved": "https://registry.npmjs.org/brace-expansion/-/brace-expansion-2.0.1.tgz",
      "integrity": "sha512-XnAIvQ8eM+kC6aULx6wuQiwVsnzsi9d3WxzV3FpWTGA19F621kwdbsAcFKXgKUHZWsy+mY6iL1sHTxWEFCytDA==",
      "dev": true,
      "dependencies": {
        "balanced-match": "^1.0.0"
      }
    },
    "node_modules/typedoc/node_modules/minimatch": {
      "version": "9.0.4",
      "resolved": "https://registry.npmjs.org/minimatch/-/minimatch-9.0.4.tgz",
      "integrity": "sha512-KqWh+VchfxcMNRAJjj2tnsSJdNbHsVgnkBhTNrW7AjVo6OvLtxw8zfT9oLw1JSohlFzJ8jCoTgaoXvJ+kHt6fw==",
      "dev": true,
      "dependencies": {
        "brace-expansion": "^2.0.1"
      },
      "engines": {
        "node": ">=16 || 14 >=14.17"
      },
      "funding": {
        "url": "https://github.com/sponsors/isaacs"
      }
    },
    "node_modules/typescript": {
      "version": "5.4.5",
      "resolved": "https://registry.npmjs.org/typescript/-/typescript-5.4.5.tgz",
      "integrity": "sha512-vcI4UpRgg81oIRUFwR0WSIHKt11nJ7SAVlYNIu+QpqeyXP+gpQJy/Z4+F0aGxSE4MqwjyXvW/TzgkLAx2AGHwQ==",
      "dev": true,
      "bin": {
        "tsc": "bin/tsc",
        "tsserver": "bin/tsserver"
      },
      "engines": {
        "node": ">=14.17"
      }
    },
    "node_modules/undici": {
      "version": "6.16.1",
      "resolved": "https://registry.npmjs.org/undici/-/undici-6.16.1.tgz",
      "integrity": "sha512-NeNiTT7ixpeiL1qOIU/xTVpHpVP0svmI6PwoCKaMGaI5AsHOaRdwqU/f7Fi9eyU4u03nd5U/BC8wmRMnS9nqoA==",
      "engines": {
        "node": ">=18.17"
      }
    },
    "node_modules/undici-types": {
      "version": "5.26.5",
      "license": "MIT"
    },
    "node_modules/util-deprecate": {
      "version": "1.0.2",
      "license": "MIT"
    },
    "node_modules/vscode-oniguruma": {
      "version": "1.7.0",
      "dev": true,
      "license": "MIT"
    },
    "node_modules/vscode-textmate": {
      "version": "8.0.0",
      "dev": true,
      "license": "MIT"
    },
    "node_modules/webidl-conversions": {
      "version": "3.0.1",
      "devOptional": true,
      "license": "BSD-2-Clause"
    },
    "node_modules/whatwg-url": {
      "version": "5.0.0",
      "devOptional": true,
      "license": "MIT",
      "dependencies": {
        "tr46": "~0.0.3",
        "webidl-conversions": "^3.0.0"
      }
    },
    "node_modules/which": {
      "version": "2.0.2",
      "license": "ISC",
      "dependencies": {
        "isexe": "^2.0.0"
      },
      "bin": {
        "node-which": "bin/node-which"
      },
      "engines": {
        "node": ">= 8"
      }
    },
    "node_modules/wide-align": {
      "version": "1.1.5",
      "devOptional": true,
      "license": "ISC",
      "dependencies": {
        "string-width": "^1.0.2 || 2 || 3 || 4"
      }
    },
    "node_modules/winattr": {
      "version": "3.0.0",
      "license": "MIT",
      "dependencies": {
        "fswin": "^3.18.918"
      },
      "engines": {
        "node": ">= 8"
      }
    },
    "node_modules/wrappy": {
      "version": "1.0.2",
      "devOptional": true,
      "license": "ISC"
    },
    "node_modules/ws": {
      "version": "8.17.0",
      "license": "MIT",
      "engines": {
        "node": ">=10.0.0"
      },
      "peerDependencies": {
        "bufferutil": "^4.0.1",
        "utf-8-validate": ">=5.0.2"
      },
      "peerDependenciesMeta": {
        "bufferutil": {
          "optional": true
        },
        "utf-8-validate": {
          "optional": true
        }
      }
    },
    "node_modules/yallist": {
      "version": "4.0.0",
      "devOptional": true,
      "license": "ISC"
    },
    "node_modules/youtube-scrapper": {
      "version": "1.4.0",
      "license": "MIT",
      "dependencies": {
        "axios": "^0.21.1",
        "fast-xml-parser": "^3.19.0",
        "m3u8stream": "^0.8.4",
        "miniget": "^4.2.2"
      },
      "engines": {
        "node": ">=16.6.7"
      }
    },
    "node_modules/youtubei.js": {
      "version": "9.4.0",
      "resolved": "https://registry.npmjs.org/youtubei.js/-/youtubei.js-9.4.0.tgz",
      "integrity": "sha512-8plCOZD2WabqWSEgZU3RjzigIIeR7sF028EERJENYrC9xO/6awpLMZfeoE1gNrNEbKcA+bzbMvonqlvBdxGdKg==",
      "funding": [
        "https://github.com/sponsors/LuanRT"
      ],
      "dependencies": {
        "jintr": "^1.1.0",
        "tslib": "^2.5.0",
        "undici": "^5.19.1"
      }
    },
    "node_modules/youtubei.js/node_modules/undici": {
      "version": "5.28.4",
      "resolved": "https://registry.npmjs.org/undici/-/undici-5.28.4.tgz",
      "integrity": "sha512-72RFADWFqKmUb2hmmvNODKL3p9hcB6Gt2DOQMis1SEBaV6a4MH8soBvzg+95CYhCKPFedut2JY9bMfrDl9D23g==",
      "dependencies": {
        "@fastify/busboy": "^2.0.0"
      },
      "engines": {
        "node": ">=14.0"
      }
    }
  }
}
